<?xml version="1.0" encoding="utf-8"?>
<Project ToolsVersion="4.0" xmlns="http://schemas.microsoft.com/developer/msbuild/2003">
  <ItemGroup>
    <Filter Include="Source Files">
      <UniqueIdentifier>{4FC737F1-C7A5-4376-A066-2A32D752A2FF}</UniqueIdentifier>
      <Extensions>cpp;c;cc;cxx;def;odl;idl;hpj;bat;asm;asmx</Extensions>
    </Filter>
    <Filter Include="Header Files">
      <UniqueIdentifier>{93995380-89BD-4b04-88EB-625FBE52EBFB}</UniqueIdentifier>
      <Extensions>h;hh;hpp;hxx;hm;inl;inc;ipp;xsd</Extensions>
    </Filter>
    <Filter Include="Resource Files">
      <UniqueIdentifier>{67DA6AB6-F800-4c08-8B7A-83BB121AAD01}</UniqueIdentifier>
      <Extensions>rc;ico;cur;bmp;dlg;rc2;rct;bin;rgs;gif;jpg;jpeg;jpe;resx;tiff;tif;png;wav;mfcribbon-ms</Extensions>
    </Filter>
  </ItemGroup>
  <ItemGroup>
    <ClInclude Include="include\KPerpCore\CritSection.hpp">
      <Filter>Header Files</Filter>
    </ClInclude>
    <ClInclude Include="include\KPerpCore\Drawing.hpp">
      <Filter>Header Files</Filter>
    </ClInclude>
    <ClInclude Include="include\KPerpCore\Error.hpp">
      <Filter>Header Files</Filter>
    </ClInclude>
    <ClInclude Include="include\KPerpCore\Font.hpp">
      <Filter>Header Files</Filter>
    </ClInclude>
    <ClInclude Include="include\KPerpCore\Graphic.hpp">
      <Filter>Header Files</Filter>
    </ClInclude>
    <ClInclude Include="include\KPerpCore\ImageFile.hpp">
      <Filter>Header Files</Filter>
    </ClInclude>
    <ClInclude Include="include\KPerpCore\Keyboard.hpp">
      <Filter>Header Files</Filter>
    </ClInclude>
    <ClInclude Include="include\KPerpCore\Main.hpp">
      <Filter>Header Files</Filter>
    </ClInclude>
    <ClInclude Include="include\KPerpCore\Math.hpp">
      <Filter>Header Files</Filter>
    </ClInclude>
    <ClInclude Include="include\KPerpCore\Matrix.hpp">
      <Filter>Header Files</Filter>
    </ClInclude>
    <ClInclude Include="include\KPerpCore\ModernFont.hpp">
      <Filter>Header Files</Filter>
    </ClInclude>
    <ClInclude Include="include\KPerpCore\OpenGLResource.hpp">
      <Filter>Header Files</Filter>
    </ClInclude>
    <ClInclude Include="include\KPerpCore\OpenGLTools.hpp">
      <Filter>Header Files</Filter>
    </ClInclude>
    <ClInclude Include="include\KPerpCore\Renderer.hpp">
      <Filter>Header Files</Filter>
    </ClInclude>
    <ClInclude Include="include\KPerpCore\Resource.hpp">
      <Filter>Header Files</Filter>
    </ClInclude>
    <ClInclude Include="include\KPerpCore\Shader.hpp">
      <Filter>Header Files</Filter>
    </ClInclude>
    <ClInclude Include="include\KPerpCore\Shape.hpp">
      <Filter>Header Files</Filter>
    </ClInclude>
    <ClInclude Include="include\KPerpCore\Texture.hpp">
      <Filter>Header Files</Filter>
    </ClInclude>
    <ClInclude Include="include\KPerpCore\Vector.hpp">
      <Filter>Header Files</Filter>
    </ClInclude>
    <ClInclude Include="include\KPerpCore\VertexArray.hpp">
      <Filter>Header Files</Filter>
    </ClInclude>
    <ClInclude Include="include\KPerpCore\View.hpp">
      <Filter>Header Files</Filter>
    </ClInclude>
    <ClInclude Include="include\KPerpCore\Win32Handles.hpp">
      <Filter>Header Files</Filter>
    </ClInclude>
    <ClInclude Include="include\KPerpCore\Window.hpp">
      <Filter>Header Files</Filter>
    </ClInclude>
    <ClInclude Include="ext\glad\glad.h">
      <Filter>Header Files</Filter>
    </ClInclude>
    <ClInclude Include="ext\glad\glad_egl.h">
      <Filter>Header Files</Filter>
    </ClInclude>
    <ClInclude Include="include\KPerpExt\KGUI\Widget.hpp">
      <Filter>Header Files</Filter>
    </ClInclude>
    <ClInclude Include="include\KPerpExt\KGUI\Subwindow.hpp">
      <Filter>Header Files</Filter>
    </ClInclude>
    <ClInclude Include="include\KPerpExt\KGUI\kgui.hpp">
      <Filter>Header Files</Filter>
    </ClInclude>
    <ClInclude Include="include\KPerpExt\KGUI\Button.hpp">
      <Filter>Header Files</Filter>
    </ClInclude>
    <ClInclude Include="include\KPerpExt\KGUI\Style.hpp">
      <Filter>Header Files</Filter>
    </ClInclude>
    <ClInclude Include="include.hpp">
      <Filter>Header Files</Filter>
    </ClInclude>
    <ClInclude Include="include\KPerpExt\KGUI\SubwindowManager.hpp">
      <Filter>Header Files</Filter>
    </ClInclude>
  </ItemGroup>
  <ItemGroup>
    <ClCompile Include="SimpleRender.cpp">
      <Filter>Source Files</Filter>
    </ClCompile>
    <ClCompile Include="source\KPerpCore\Window.cpp">
      <Filter>Source Files</Filter>
    </ClCompile>
    <ClCompile Include="source\KPerpCore\View.cpp">
      <Filter>Source Files</Filter>
    </ClCompile>
    <ClCompile Include="source\KPerpCore\VertexArray.cpp">
      <Filter>Source Files</Filter>
    </ClCompile>
    <ClCompile Include="source\KPerpCore\Texture.cpp">
      <Filter>Source Files</Filter>
    </ClCompile>
    <ClCompile Include="source\KPerpCore\Shader.cpp">
      <Filter>Source Files</Filter>
    </ClCompile>
    <ClCompile Include="source\KPerpCore\Resource.cpp">
      <Filter>Source Files</Filter>
    </ClCompile>
    <ClCompile Include="source\KPerpCore\RendererDrawing.cpp">
      <Filter>Source Files</Filter>
    </ClCompile>
    <ClCompile Include="source\KPerpCore\Renderer.cpp">
      <Filter>Source Files</Filter>
    </ClCompile>
    <ClCompile Include="source\KPerpCore\OpenGLResource.cpp">
      <Filter>Source Files</Filter>
    </ClCompile>
    <ClCompile Include="source\KPerpCore\ModernFont.cpp">
      <Filter>Source Files</Filter>
    </ClCompile>
    <ClCompile Include="source\KPerpCore\Graphic.cpp">
      <Filter>Source Files</Filter>
    </ClCompile>
    <ClCompile Include="source\KPerpCore\ImageFile.cpp">
      <Filter>Source Files</Filter>
    </ClCompile>
    <ClCompile Include="source\KPerpCore\Font.cpp">
      <Filter>Source Files</Filter>
    </ClCompile>
    <ClCompile Include="source\KPerpCore\Error.cpp">
      <Filter>Source Files</Filter>
    </ClCompile>
    <ClCompile Include="source\KPerpCore\Drawing.cpp">
      <Filter>Source Files</Filter>
    </ClCompile>
    <ClCompile Include="source\KPerpCore\CritSection.cpp">
      <Filter>Source Files</Filter>
    </ClCompile>
    <ClCompile Include="source\ext\glad\glad.c">
      <Filter>Source Files</Filter>
    </ClCompile>
    <ClCompile Include="source\ext\glad\glad_egl.c">
      <Filter>Source Files</Filter>
    </ClCompile>
    <ClCompile Include="source\KPerpExt\KGUI\Widget.cpp">
      <Filter>Source Files</Filter>
    </ClCompile>
    <ClCompile Include="source\KPerpExt\KGUI\Subwindow.cpp">
      <Filter>Source Files</Filter>
    </ClCompile>
    <ClCompile Include="include\KPerpExt\KGUI\Layout.hpp">
      <Filter>Source Files</Filter>
    </ClCompile>
    <ClCompile Include="source\KPerpExt\KGUI\Layout.cpp">
      <Filter>Source Files</Filter>
    </ClCompile>
    <ClCompile Include="source\KPerpCore\kgui.cpp">
      <Filter>Source Files</Filter>
    </ClCompile>
    <ClCompile Include="source\KPerpExt\KGUI\Button.cpp">
      <Filter>Source Files</Filter>
    </ClCompile>
    <ClCompile Include="source\KPerpExt\KGUI\SubwindowManager.cpp">
      <Filter>Source Files</Filter>
    </ClCompile>
    <ClCompile Include="include\KPerpExt\KGUI\kgui.cpp">
      <Filter>Source Files</Filter>
    </ClCompile>
  </ItemGroup>
  <ItemGroup>
    <None Include="include\KPerpCore\Math.inl">
      <Filter>Header Files</Filter>
    </None>
    <None Include="include\KPerpCore\Matrix.inl">
      <Filter>Header Files</Filter>
    </None>
    <None Include="include\KPerpCore\Vector.inl">
      <Filter>Header Files</Filter>
    </None>
    <None Include="include\KPerpCore\Area.inl">
      <Filter>Header Files</Filter>
    </None>
    <None Include="cpp.hint" />
  </ItemGroup>
</Project>