<?xml version="1.0" encoding="utf-8"?>
<Project ToolsVersion="4.0" xmlns="http://schemas.microsoft.com/developer/msbuild/2003">
  <ItemGroup>
    <Filter Include="Source Files">
      <UniqueIdentifier>{4FC737F1-C7A5-4376-A066-2A32D752A2FF}</UniqueIdentifier>
      <Extensions>cpp;c;cc;cxx;def;odl;idl;hpj;bat;asm;asmx</Extensions>
    </Filter>
    <Filter Include="Header Files">
      <UniqueIdentifier>{93995380-89BD-4b04-88EB-625FBE52EBFB}</UniqueIdentifier>
      <Extensions>h;hh;hpp;hxx;hm;inl;inc;ipp;xsd</Extensions>
    </Filter>
    <Filter Include="Resource Files">
      <UniqueIdentifier>{67DA6AB6-F800-4c08-8B7A-83BB121AAD01}</UniqueIdentifier>
      <Extensions>rc;ico;cur;bmp;dlg;rc2;rct;bin;rgs;gif;jpg;jpeg;jpe;resx;tiff;tif;png;wav;mfcribbon-ms</Extensions>
    </Filter>
  </ItemGroup>
  <ItemGroup>
    <ClInclude Include="KPerpCore\glad\glad.h">
      <Filter>Header Files</Filter>
    </ClInclude>
    <ClInclude Include="KPerpCore\glad\glad_egl.h">
      <Filter>Header Files</Filter>
    </ClInclude>
    <ClInclude Include="stb_image.h">
      <Filter>Header Files</Filter>
    </ClInclude>
    <ClInclude Include="stb_image_write.h">
      <Filter>Header Files</Filter>
    </ClInclude>
    <ClInclude Include="KPerpCore\Drawing.hpp">
      <Filter>Header Files</Filter>
    </ClInclude>
    <ClInclude Include="KPerpCore\Error.hpp">
      <Filter>Header Files</Filter>
    </ClInclude>
    <ClInclude Include="KPerpCore\Keyboard.hpp">
      <Filter>Header Files</Filter>
    </ClInclude>
    <ClInclude Include="KPerpCore\Main.hpp">
      <Filter>Header Files</Filter>
    </ClInclude>
    <ClInclude Include="KPerpCore\Math.hpp">
      <Filter>Header Files</Filter>
    </ClInclude>
    <ClInclude Include="KPerpCore\OpenGLResource.hpp">
      <Filter>Header Files</Filter>
    </ClInclude>
    <ClInclude Include="KPerpCore\OpenGLTools.hpp">
      <Filter>Header Files</Filter>
    </ClInclude>
    <ClInclude Include="KPerpCore\Renderer.hpp">
      <Filter>Header Files</Filter>
    </ClInclude>
    <ClInclude Include="KPerpCore\Resource.hpp">
      <Filter>Header Files</Filter>
    </ClInclude>
    <ClInclude Include="KPerpCore\Shader.hpp">
      <Filter>Header Files</Filter>
    </ClInclude>
    <ClInclude Include="KPerpCore\Shape.hpp">
      <Filter>Header Files</Filter>
    </ClInclude>
    <ClInclude Include="KPerpCore\Texture.hpp">
      <Filter>Header Files</Filter>
    </ClInclude>
    <ClInclude Include="KPerpCore\Vector.hpp">
      <Filter>Header Files</Filter>
    </ClInclude>
    <ClInclude Include="KPerpCore\VertexArray.hpp">
      <Filter>Header Files</Filter>
    </ClInclude>
    <ClInclude Include="KPerpCore\Win32Handles.hpp">
      <Filter>Header Files</Filter>
    </ClInclude>
    <ClInclude Include="KPerpCore\Window.hpp">
      <Filter>Header Files</Filter>
    </ClInclude>
    <ClInclude Include="KPerpCore\Graphic.hpp">
      <Filter>Header Files</Filter>
    </ClInclude>
    <ClInclude Include="KPerpCore\Matrix.hpp">
      <Filter>Header Files</Filter>
    </ClInclude>
    <ClInclude Include="KPerpCore\View.hpp">
      <Filter>Header Files</Filter>
    </ClInclude>
    <ClInclude Include="KPerpCore\Font.hpp">
      <Filter>Header Files</Filter>
    </ClInclude>
    <ClInclude Include="KPerpCore\CritSection.hpp">
      <Filter>Header Files</Filter>
    </ClInclude>
    <ClInclude Include="KPerpCore\ImageFile.hpp">
      <Filter>Header Files</Filter>
    </ClInclude>
  </ItemGroup>
  <ItemGroup>
    <ClCompile Include="KPerpCore\Drawing.cpp">
      <Filter>Source Files</Filter>
    </ClCompile>
    <ClCompile Include="KPerpCore\Error.cpp">
      <Filter>Source Files</Filter>
    </ClCompile>
    <ClCompile Include="KPerpCore\OpenGLResource.cpp">
      <Filter>Source Files</Filter>
    </ClCompile>
    <ClCompile Include="KPerpCore\Renderer.cpp">
      <Filter>Source Files</Filter>
    </ClCompile>
    <ClCompile Include="KPerpCore\Shader.cpp">
      <Filter>Source Files</Filter>
    </ClCompile>
    <ClCompile Include="KPerpCore\Texture.cpp">
      <Filter>Source Files</Filter>
    </ClCompile>
    <ClCompile Include="KPerpCore\VertexArray.cpp">
      <Filter>Source Files</Filter>
    </ClCompile>
    <ClCompile Include="KPerpCore\Window.cpp">
      <Filter>Source Files</Filter>
    </ClCompile>
    <ClCompile Include="KPerpCore\glad.c">
      <Filter>Source Files</Filter>
    </ClCompile>
    <ClCompile Include="KPerpCore\glad_egl.c">
      <Filter>Source Files</Filter>
    </ClCompile>
    <ClCompile Include="KPerpCore\Resource.cpp">
      <Filter>Source Files</Filter>
    </ClCompile>
    <ClCompile Include="KPerpCore\RendererDrawing.cpp">
      <Filter>Source Files</Filter>
    </ClCompile>
    <ClCompile Include="KPerpCore\Graphic.cpp">
      <Filter>Source Files</Filter>
    </ClCompile>
    <ClCompile Include="KPerpCore\View.cpp">
      <Filter>Source Files</Filter>
    </ClCompile>
    <ClCompile Include="KPerpCore\Font.cpp">
      <Filter>Source Files</Filter>
    </ClCompile>
    <ClCompile Include="KPerpCore\CritSection.cpp">
      <Filter>Source Files</Filter>
    </ClCompile>
    <ClCompile Include="KPerpCore\ImageFile.cpp">
      <Filter>Source Files</Filter>
    </ClCompile>
    <ClCompile Include="SimpleRender.cpp">
      <Filter>Source Files</Filter>
    </ClCompile>
  </ItemGroup>
  <ItemGroup>
    <None Include="KPerpCore\Matrix.inl">
      <Filter>Header Files</Filter>
    </None>
    <None Include="KPerpCore\Math.inl">
      <Filter>Header Files</Filter>
    </None>
    <None Include="KPerpCore\Vector.inl">
      <Filter>Header Files</Filter>
    </None>
  </ItemGroup>
</Project>